
Microsoft Visual Studio Solution File, Format Version 10.00
# Visual Studio 2008
Project("{8BC9CEB8-8B4A-11D0-8D11-00A0C91BC942}") = "AVS2UnityTest", "AVS2UnityTest.vcproj", "{C8B82D94-E9C5-4C5E-B604-B16739FE2EB4}"
	ProjectSection(ProjectDependencies) = postProject
		{7DD0A2B8-1A47-4DBE-9EF3-045438CC92FD} = {7DD0A2B8-1A47-4DBE-9EF3-045438CC92FD}
	EndProjectSection
EndProject
Project("{8BC9CEB8-8B4A-11D0-8D11-00A0C91BC942}") = "AVS2Unity", "AVS2Unity.vcproj", "{7DD0A2B8-1A47-4DBE-9EF3-045438CC92FD}"
EndProject
Global
	GlobalSection(SolutionConfigurationPlatforms) = preSolution
		Debug|Win32 = Debug|Win32
		Laser Release|Win32 = Laser Release|Win32
		NoMMX Release|Win32 = NoMMX Release|Win32
		Release|Win32 = Release|Win32
	EndGlobalSection
	GlobalSection(ProjectConfigurationPlatforms) = postSolution
		{C8B82D94-E9C5-4C5E-B604-B16739FE2EB4}.Debug|Win32.ActiveCfg = Debug|Win32
		{C8B82D94-E9C5-4C5E-B604-B16739FE2EB4}.Debug|Win32.Build.0 = Debug|Win32
		{C8B82D94-E9C5-4C5E-B604-B16739FE2EB4}.Laser Release|Win32.ActiveCfg = Release|Win32
		{C8B82D94-E9C5-4C5E-B604-B16739FE2EB4}.Laser Release|Win32.Build.0 = Release|Win32
		{C8B82D94-E9C5-4C5E-B604-B16739FE2EB4}.NoMMX Release|Win32.ActiveCfg = NoMMX Release|Win32
		{C8B82D94-E9C5-4C5E-B604-B16739FE2EB4}.NoMMX Release|Win32.Build.0 = NoMMX Release|Win32
		{C8B82D94-E9C5-4C5E-B604-B16739FE2EB4}.Release|Win32.ActiveCfg = Release|Win32
		{C8B82D94-E9C5-4C5E-B604-B16739FE2EB4}.Release|Win32.Build.0 = Release|Win32
		{7DD0A2B8-1A47-4DBE-9EF3-045438CC92FD}.Debug|Win32.ActiveCfg = Debug|Win32
		{7DD0A2B8-1A47-4DBE-9EF3-045438CC92FD}.Debug|Win32.Build.0 = Debug|Win32
		{7DD0A2B8-1A47-4DBE-9EF3-045438CC92FD}.Laser Release|Win32.ActiveCfg = Laser Release|Win32
		{7DD0A2B8-1A47-4DBE-9EF3-045438CC92FD}.Laser Release|Win32.Build.0 = Laser Release|Win32
		{7DD0A2B8-1A47-4DBE-9EF3-045438CC92FD}.NoMMX Release|Win32.ActiveCfg = NoMMX Release|Win32
		{7DD0A2B8-1A47-4DBE-9EF3-045438CC92FD}.NoMMX Release|Win32.Build.0 = NoMMX Release|Win32
		{7DD0A2B8-1A47-4DBE-9EF3-045438CC92FD}.Release|Win32.ActiveCfg = Release|Win32
		{7DD0A2B8-1A47-4DBE-9EF3-045438CC92FD}.Release|Win32.Build.0 = Release|Win32
	EndGlobalSection
	GlobalSection(SolutionProperties) = preSolution
		HideSolutionNode = FALSE
	EndGlobalSection
EndGlobal
