
Microsoft Visual Studio Solution File, Format Version 10.00
# Visual Studio 2008
Project("{8BC9CEB8-8B4A-11D0-8D11-00A0C91BC942}") = "vis_avs", "vis_avs.vcproj", "{F758C3EF-67AE-4396-AF9D-A5DC9A02FB5D}"
EndProject
Global
	GlobalSection(SolutionConfigurationPlatforms) = preSolution
		Debug|Win32 = Debug|Win32
		Laser Release|Win32 = Laser Release|Win32
		NoMMX Release|Win32 = NoMMX Release|Win32
		Release|Win32 = Release|Win32
	EndGlobalSection
	GlobalSection(ProjectConfigurationPlatforms) = postSolution
		{F758C3EF-67AE-4396-AF9D-A5DC9A02FB5D}.Debug|Win32.ActiveCfg = Debug|Win32
		{F758C3EF-67AE-4396-AF9D-A5DC9A02FB5D}.Debug|Win32.Build.0 = Debug|Win32
		{F758C3EF-67AE-4396-AF9D-A5DC9A02FB5D}.Laser Release|Win32.ActiveCfg = Laser Release|Win32
		{F758C3EF-67AE-4396-AF9D-A5DC9A02FB5D}.Laser Release|Win32.Build.0 = Laser Release|Win32
		{F758C3EF-67AE-4396-AF9D-A5DC9A02FB5D}.NoMMX Release|Win32.ActiveCfg = NoMMX Release|Win32
		{F758C3EF-67AE-4396-AF9D-A5DC9A02FB5D}.NoMMX Release|Win32.Build.0 = NoMMX Release|Win32
		{F758C3EF-67AE-4396-AF9D-A5DC9A02FB5D}.Release|Win32.ActiveCfg = Release|Win32
		{F758C3EF-67AE-4396-AF9D-A5DC9A02FB5D}.Release|Win32.Build.0 = Release|Win32
	EndGlobalSection
	GlobalSection(SolutionProperties) = preSolution
		HideSolutionNode = FALSE
	EndGlobalSection
EndGlobal
